
Microsoft Visual Studio Solution File, Format Version 12.00
# Visual Studio 15
VisualStudioVersion = 15.0.28010.2046
MinimumVisualStudioVersion = 10.0.40219.1
Project("{9A19103F-16F7-4668-BE54-9A1E7A4F7556}") = "LogModule.Core", "LogModule.Core.csproj", "{B9961524-E410-499C-B17D-27A8D7795A0B}"
EndProject
Global
	GlobalSection(SolutionConfigurationPlatforms) = preSolution
		Debug|Any CPU = Debug|Any CPU
		Release|Any CPU = Release|Any CPU
	EndGlobalSection
	GlobalSection(ProjectConfigurationPlatforms) = postSolution
		{B9961524-E410-499C-B17D-27A8D7795A0B}.Debug|Any CPU.ActiveCfg = Debug|Any CPU
		{B9961524-E410-499C-B17D-27A8D7795A0B}.Debug|Any CPU.Build.0 = Debug|Any CPU
		{B9961524-E410-499C-B17D-27A8D7795A0B}.Release|Any CPU.ActiveCfg = Release|Any CPU
		{B9961524-E410-499C-B17D-27A8D7795A0B}.Release|Any CPU.Build.0 = Release|Any CPU
	EndGlobalSection
	GlobalSection(SolutionProperties) = preSolution
		HideSolutionNode = FALSE
	EndGlobalSection
	GlobalSection(ExtensibilityGlobals) = postSolution
		SolutionGuid = {F52D5959-7DC0-4F67-8C87-1A2358506B19}
	EndGlobalSection
EndGlobal
