
Microsoft Visual Studio Solution File, Format Version 12.00
# Visual Studio 15
VisualStudioVersion = 15.0.27703.2035
MinimumVisualStudioVersion = 10.0.40219.1
Project("{9A19103F-16F7-4668-BE54-9A1E7A4F7556}") = "SkunkLab.Security.Standard", "SkunkLab.Security.Standard.csproj", "{DB795468-231A-4913-BEDD-34239BCD5761}"
EndProject
Global
	GlobalSection(SolutionConfigurationPlatforms) = preSolution
		Debug|Any CPU = Debug|Any CPU
		Release|Any CPU = Release|Any CPU
	EndGlobalSection
	GlobalSection(ProjectConfigurationPlatforms) = postSolution
		{DB795468-231A-4913-BEDD-34239BCD5761}.Debug|Any CPU.ActiveCfg = Debug|Any CPU
		{DB795468-231A-4913-BEDD-34239BCD5761}.Debug|Any CPU.Build.0 = Debug|Any CPU
		{DB795468-231A-4913-BEDD-34239BCD5761}.Release|Any CPU.ActiveCfg = Release|Any CPU
		{DB795468-231A-4913-BEDD-34239BCD5761}.Release|Any CPU.Build.0 = Release|Any CPU
	EndGlobalSection
	GlobalSection(SolutionProperties) = preSolution
		HideSolutionNode = FALSE
	EndGlobalSection
	GlobalSection(ExtensibilityGlobals) = postSolution
		SolutionGuid = {E60E9E55-4BD6-4D3E-86C9-2F13791191D3}
	EndGlobalSection
EndGlobal
