
Microsoft Visual Studio Solution File, Format Version 12.00
# Visual Studio 15
VisualStudioVersion = 15.0.27703.2035
MinimumVisualStudioVersion = 10.0.40219.1
Project("{FAE04EC0-301F-11D3-BF4B-00C04F79EFBC}") = "VirtualRtuWebApp", "VirtualRtuWebApp\VirtualRtuWebApp.csproj", "{A26E3AA0-F228-4BE6-9FF6-C01EFA3040DE}"
EndProject
Global
	GlobalSection(SolutionConfigurationPlatforms) = preSolution
		Debug|Any CPU = Debug|Any CPU
		Release|Any CPU = Release|Any CPU
	EndGlobalSection
	GlobalSection(ProjectConfigurationPlatforms) = postSolution
		{A26E3AA0-F228-4BE6-9FF6-C01EFA3040DE}.Debug|Any CPU.ActiveCfg = Debug|Any CPU
		{A26E3AA0-F228-4BE6-9FF6-C01EFA3040DE}.Debug|Any CPU.Build.0 = Debug|Any CPU
		{A26E3AA0-F228-4BE6-9FF6-C01EFA3040DE}.Release|Any CPU.ActiveCfg = Release|Any CPU
		{A26E3AA0-F228-4BE6-9FF6-C01EFA3040DE}.Release|Any CPU.Build.0 = Release|Any CPU
	EndGlobalSection
	GlobalSection(SolutionProperties) = preSolution
		HideSolutionNode = FALSE
	EndGlobalSection
	GlobalSection(ExtensibilityGlobals) = postSolution
		SolutionGuid = {45E5AF25-9C80-44A7-86D7-CDD009B4B3CD}
	EndGlobalSection
EndGlobal
