
Microsoft Visual Studio Solution File, Format Version 12.00
# Visual Studio 15
VisualStudioVersion = 15.0.28010.2046
MinimumVisualStudioVersion = 10.0.40219.1
Project("{9A19103F-16F7-4668-BE54-9A1E7A4F7556}") = "LogModule.Web.Core", "LogModule.Web.Core.csproj", "{66CA74FC-3D5E-4285-90BE-637465367EAB}"
EndProject
Global
	GlobalSection(SolutionConfigurationPlatforms) = preSolution
		Debug|Any CPU = Debug|Any CPU
		Release|Any CPU = Release|Any CPU
	EndGlobalSection
	GlobalSection(ProjectConfigurationPlatforms) = postSolution
		{66CA74FC-3D5E-4285-90BE-637465367EAB}.Debug|Any CPU.ActiveCfg = Debug|Any CPU
		{66CA74FC-3D5E-4285-90BE-637465367EAB}.Debug|Any CPU.Build.0 = Debug|Any CPU
		{66CA74FC-3D5E-4285-90BE-637465367EAB}.Release|Any CPU.ActiveCfg = Release|Any CPU
		{66CA74FC-3D5E-4285-90BE-637465367EAB}.Release|Any CPU.Build.0 = Release|Any CPU
	EndGlobalSection
	GlobalSection(SolutionProperties) = preSolution
		HideSolutionNode = FALSE
	EndGlobalSection
	GlobalSection(ExtensibilityGlobals) = postSolution
		SolutionGuid = {12BC88D1-2C1D-43B7-9AEB-6F015B589368}
	EndGlobalSection
EndGlobal
