
Microsoft Visual Studio Solution File, Format Version 12.00
# Visual Studio 15
VisualStudioVersion = 15.0.27703.2035
MinimumVisualStudioVersion = 10.0.40219.1
Project("{9A19103F-16F7-4668-BE54-9A1E7A4F7556}") = "Capl.Standard", "Capl.Standard.csproj", "{80288C9C-99C2-4C0C-A7C2-280FFFAE63D9}"
EndProject
Global
	GlobalSection(SolutionConfigurationPlatforms) = preSolution
		Debug|Any CPU = Debug|Any CPU
		Release|Any CPU = Release|Any CPU
	EndGlobalSection
	GlobalSection(ProjectConfigurationPlatforms) = postSolution
		{80288C9C-99C2-4C0C-A7C2-280FFFAE63D9}.Debug|Any CPU.ActiveCfg = Debug|Any CPU
		{80288C9C-99C2-4C0C-A7C2-280FFFAE63D9}.Debug|Any CPU.Build.0 = Debug|Any CPU
		{80288C9C-99C2-4C0C-A7C2-280FFFAE63D9}.Release|Any CPU.ActiveCfg = Release|Any CPU
		{80288C9C-99C2-4C0C-A7C2-280FFFAE63D9}.Release|Any CPU.Build.0 = Release|Any CPU
	EndGlobalSection
	GlobalSection(SolutionProperties) = preSolution
		HideSolutionNode = FALSE
	EndGlobalSection
	GlobalSection(ExtensibilityGlobals) = postSolution
		SolutionGuid = {B3AFE5D4-26BC-42A0-A1A4-ECE42AE75120}
	EndGlobalSection
EndGlobal
