
Microsoft Visual Studio Solution File, Format Version 12.00
# Visual Studio 15
VisualStudioVersion = 15.0.27703.2035
MinimumVisualStudioVersion = 10.0.40219.1
Project("{9A19103F-16F7-4668-BE54-9A1E7A4F7556}") = "ConsoleApp1", "ConsoleApp1.csproj", "{EF06D5D2-6A3C-44A2-8047-A9B481EE079A}"
EndProject
Global
	GlobalSection(SolutionConfigurationPlatforms) = preSolution
		Debug|Any CPU = Debug|Any CPU
		Release|Any CPU = Release|Any CPU
	EndGlobalSection
	GlobalSection(ProjectConfigurationPlatforms) = postSolution
		{EF06D5D2-6A3C-44A2-8047-A9B481EE079A}.Debug|Any CPU.ActiveCfg = Debug|Any CPU
		{EF06D5D2-6A3C-44A2-8047-A9B481EE079A}.Debug|Any CPU.Build.0 = Debug|Any CPU
		{EF06D5D2-6A3C-44A2-8047-A9B481EE079A}.Release|Any CPU.ActiveCfg = Release|Any CPU
		{EF06D5D2-6A3C-44A2-8047-A9B481EE079A}.Release|Any CPU.Build.0 = Release|Any CPU
	EndGlobalSection
	GlobalSection(SolutionProperties) = preSolution
		HideSolutionNode = FALSE
	EndGlobalSection
	GlobalSection(ExtensibilityGlobals) = postSolution
		SolutionGuid = {CBAE3356-A63D-431B-A404-DBBAA619DBDE}
	EndGlobalSection
EndGlobal
