
Microsoft Visual Studio Solution File, Format Version 12.00
# Visual Studio 15
VisualStudioVersion = 15.0.27428.2043
MinimumVisualStudioVersion = 10.0.40219.1
Project("{9A19103F-16F7-4668-BE54-9A1E7A4F7556}") = "PiraeusClientModule", "PiraeusClientModule.csproj", "{EA2DF7AB-3B54-433A-9D5D-034A242C5CF6}"
EndProject
Global
	GlobalSection(SolutionConfigurationPlatforms) = preSolution
		Debug|Any CPU = Debug|Any CPU
		Release|Any CPU = Release|Any CPU
	EndGlobalSection
	GlobalSection(ProjectConfigurationPlatforms) = postSolution
		{EA2DF7AB-3B54-433A-9D5D-034A242C5CF6}.Debug|Any CPU.ActiveCfg = Debug|Any CPU
		{EA2DF7AB-3B54-433A-9D5D-034A242C5CF6}.Debug|Any CPU.Build.0 = Debug|Any CPU
		{EA2DF7AB-3B54-433A-9D5D-034A242C5CF6}.Release|Any CPU.ActiveCfg = Release|Any CPU
		{EA2DF7AB-3B54-433A-9D5D-034A242C5CF6}.Release|Any CPU.Build.0 = Release|Any CPU
	EndGlobalSection
	GlobalSection(SolutionProperties) = preSolution
		HideSolutionNode = FALSE
	EndGlobalSection
	GlobalSection(ExtensibilityGlobals) = postSolution
		SolutionGuid = {D20D8BF8-25E3-4A02-8F22-EC669E83912E}
	EndGlobalSection
EndGlobal
