
Microsoft Visual Studio Solution File, Format Version 12.00
# Visual Studio 15
VisualStudioVersion = 15.0.28010.2046
MinimumVisualStudioVersion = 10.0.40219.1
Project("{9A19103F-16F7-4668-BE54-9A1E7A4F7556}") = "LogModule.Core", "LogModule.Core\LogModule.Core.csproj", "{DF4B3205-BB79-424E-85C6-4C4E187C9C36}"
EndProject
Project("{9A19103F-16F7-4668-BE54-9A1E7A4F7556}") = "LogModule.DirectMethods.Core", "LogModule.DirectMethods.Core\LogModule.DirectMethods.Core.csproj", "{7398D179-02F2-4807-9B46-6E2030181B59}"
EndProject
Global
	GlobalSection(SolutionConfigurationPlatforms) = preSolution
		Debug|Any CPU = Debug|Any CPU
		Release|Any CPU = Release|Any CPU
	EndGlobalSection
	GlobalSection(ProjectConfigurationPlatforms) = postSolution
		{DF4B3205-BB79-424E-85C6-4C4E187C9C36}.Debug|Any CPU.ActiveCfg = Debug|Any CPU
		{DF4B3205-BB79-424E-85C6-4C4E187C9C36}.Debug|Any CPU.Build.0 = Debug|Any CPU
		{DF4B3205-BB79-424E-85C6-4C4E187C9C36}.Release|Any CPU.ActiveCfg = Release|Any CPU
		{DF4B3205-BB79-424E-85C6-4C4E187C9C36}.Release|Any CPU.Build.0 = Release|Any CPU
		{7398D179-02F2-4807-9B46-6E2030181B59}.Debug|Any CPU.ActiveCfg = Debug|Any CPU
		{7398D179-02F2-4807-9B46-6E2030181B59}.Debug|Any CPU.Build.0 = Debug|Any CPU
		{7398D179-02F2-4807-9B46-6E2030181B59}.Release|Any CPU.ActiveCfg = Release|Any CPU
		{7398D179-02F2-4807-9B46-6E2030181B59}.Release|Any CPU.Build.0 = Release|Any CPU
	EndGlobalSection
	GlobalSection(SolutionProperties) = preSolution
		HideSolutionNode = FALSE
	EndGlobalSection
	GlobalSection(ExtensibilityGlobals) = postSolution
		SolutionGuid = {EFCAEEC7-A8DC-4332-9E36-788A023814D0}
	EndGlobalSection
EndGlobal
