
Microsoft Visual Studio Solution File, Format Version 12.00
# Visual Studio 15
VisualStudioVersion = 15.0.27703.2035
MinimumVisualStudioVersion = 10.0.40219.1
Project("{9A19103F-16F7-4668-BE54-9A1E7A4F7556}") = "SkunkLab.VirtualRtu.Core", "SkunkLab.VirtualRtu.Core.csproj", "{22C92F69-3FF6-4656-951A-09AA483C3210}"
EndProject
Global
	GlobalSection(SolutionConfigurationPlatforms) = preSolution
		Debug|Any CPU = Debug|Any CPU
		Release|Any CPU = Release|Any CPU
	EndGlobalSection
	GlobalSection(ProjectConfigurationPlatforms) = postSolution
		{22C92F69-3FF6-4656-951A-09AA483C3210}.Debug|Any CPU.ActiveCfg = Debug|Any CPU
		{22C92F69-3FF6-4656-951A-09AA483C3210}.Debug|Any CPU.Build.0 = Debug|Any CPU
		{22C92F69-3FF6-4656-951A-09AA483C3210}.Release|Any CPU.ActiveCfg = Release|Any CPU
		{22C92F69-3FF6-4656-951A-09AA483C3210}.Release|Any CPU.Build.0 = Release|Any CPU
	EndGlobalSection
	GlobalSection(SolutionProperties) = preSolution
		HideSolutionNode = FALSE
	EndGlobalSection
	GlobalSection(ExtensibilityGlobals) = postSolution
		SolutionGuid = {C4386986-ED7F-411C-ACE3-C4369CB44042}
	EndGlobalSection
EndGlobal
