
Microsoft Visual Studio Solution File, Format Version 12.00
# Visual Studio 15
VisualStudioVersion = 15.0.27703.2035
MinimumVisualStudioVersion = 10.0.40219.1
Project("{9A19103F-16F7-4668-BE54-9A1E7A4F7556}") = "SkunkLab.Edge.Core", "SkunkLab.Edge.Core.csproj", "{492E83D2-D4E6-4177-A8DA-C69BF32878BC}"
EndProject
Global
	GlobalSection(SolutionConfigurationPlatforms) = preSolution
		Debug|Any CPU = Debug|Any CPU
		Release|Any CPU = Release|Any CPU
	EndGlobalSection
	GlobalSection(ProjectConfigurationPlatforms) = postSolution
		{492E83D2-D4E6-4177-A8DA-C69BF32878BC}.Debug|Any CPU.ActiveCfg = Debug|Any CPU
		{492E83D2-D4E6-4177-A8DA-C69BF32878BC}.Debug|Any CPU.Build.0 = Debug|Any CPU
		{492E83D2-D4E6-4177-A8DA-C69BF32878BC}.Release|Any CPU.ActiveCfg = Release|Any CPU
		{492E83D2-D4E6-4177-A8DA-C69BF32878BC}.Release|Any CPU.Build.0 = Release|Any CPU
	EndGlobalSection
	GlobalSection(SolutionProperties) = preSolution
		HideSolutionNode = FALSE
	EndGlobalSection
	GlobalSection(ExtensibilityGlobals) = postSolution
		SolutionGuid = {0B68C16B-A24E-4D6F-A792-9247644896AB}
	EndGlobalSection
EndGlobal
