
Microsoft Visual Studio Solution File, Format Version 12.00
# Visual Studio 15
VisualStudioVersion = 15.0.28010.2046
MinimumVisualStudioVersion = 10.0.40219.1
Project("{9A19103F-16F7-4668-BE54-9A1E7A4F7556}") = "LogModule", "LogModule.csproj", "{F5AB8353-0932-4A9E-A30B-DB06EBC70DBC}"
EndProject
Global
	GlobalSection(SolutionConfigurationPlatforms) = preSolution
		Debug|Any CPU = Debug|Any CPU
		Release|Any CPU = Release|Any CPU
	EndGlobalSection
	GlobalSection(ProjectConfigurationPlatforms) = postSolution
		{F5AB8353-0932-4A9E-A30B-DB06EBC70DBC}.Debug|Any CPU.ActiveCfg = Debug|Any CPU
		{F5AB8353-0932-4A9E-A30B-DB06EBC70DBC}.Debug|Any CPU.Build.0 = Debug|Any CPU
		{F5AB8353-0932-4A9E-A30B-DB06EBC70DBC}.Release|Any CPU.ActiveCfg = Release|Any CPU
		{F5AB8353-0932-4A9E-A30B-DB06EBC70DBC}.Release|Any CPU.Build.0 = Release|Any CPU
	EndGlobalSection
	GlobalSection(SolutionProperties) = preSolution
		HideSolutionNode = FALSE
	EndGlobalSection
	GlobalSection(ExtensibilityGlobals) = postSolution
		SolutionGuid = {D1FEE97B-2151-41DE-9BE0-D1DA5D147498}
	EndGlobalSection
EndGlobal
