
Microsoft Visual Studio Solution File, Format Version 12.00
# Visual Studio 15
VisualStudioVersion = 15.0.27703.2035
MinimumVisualStudioVersion = 10.0.40219.1
Project("{9A19103F-16F7-4668-BE54-9A1E7A4F7556}") = "SkunkLab.Security.Core", "SkunkLab.Security.Core.csproj", "{C3711296-1F9A-4BD0-A375-2726085DE8B2}"
EndProject
Global
	GlobalSection(SolutionConfigurationPlatforms) = preSolution
		Debug|Any CPU = Debug|Any CPU
		Release|Any CPU = Release|Any CPU
	EndGlobalSection
	GlobalSection(ProjectConfigurationPlatforms) = postSolution
		{C3711296-1F9A-4BD0-A375-2726085DE8B2}.Debug|Any CPU.ActiveCfg = Debug|Any CPU
		{C3711296-1F9A-4BD0-A375-2726085DE8B2}.Debug|Any CPU.Build.0 = Debug|Any CPU
		{C3711296-1F9A-4BD0-A375-2726085DE8B2}.Release|Any CPU.ActiveCfg = Release|Any CPU
		{C3711296-1F9A-4BD0-A375-2726085DE8B2}.Release|Any CPU.Build.0 = Release|Any CPU
	EndGlobalSection
	GlobalSection(SolutionProperties) = preSolution
		HideSolutionNode = FALSE
	EndGlobalSection
	GlobalSection(ExtensibilityGlobals) = postSolution
		SolutionGuid = {2E124BE5-2EB6-4A2E-8C2B-979234F80BE1}
	EndGlobalSection
EndGlobal
