
Microsoft Visual Studio Solution File, Format Version 12.00
# Visual Studio 15
VisualStudioVersion = 15.0.27703.2035
MinimumVisualStudioVersion = 10.0.40219.1
Project("{9A19103F-16F7-4668-BE54-9A1E7A4F7556}") = "VirtualRtu.Common", "VirtualRtu.Common.csproj", "{05CEDA67-A804-423C-8BC2-2F205D48353F}"
EndProject
Global
	GlobalSection(SolutionConfigurationPlatforms) = preSolution
		Debug|Any CPU = Debug|Any CPU
		Release|Any CPU = Release|Any CPU
	EndGlobalSection
	GlobalSection(ProjectConfigurationPlatforms) = postSolution
		{05CEDA67-A804-423C-8BC2-2F205D48353F}.Debug|Any CPU.ActiveCfg = Debug|Any CPU
		{05CEDA67-A804-423C-8BC2-2F205D48353F}.Debug|Any CPU.Build.0 = Debug|Any CPU
		{05CEDA67-A804-423C-8BC2-2F205D48353F}.Release|Any CPU.ActiveCfg = Release|Any CPU
		{05CEDA67-A804-423C-8BC2-2F205D48353F}.Release|Any CPU.Build.0 = Release|Any CPU
	EndGlobalSection
	GlobalSection(SolutionProperties) = preSolution
		HideSolutionNode = FALSE
	EndGlobalSection
	GlobalSection(ExtensibilityGlobals) = postSolution
		SolutionGuid = {1400BECA-6E28-4A90-B56A-C15147806B1A}
	EndGlobalSection
EndGlobal
