
Microsoft Visual Studio Solution File, Format Version 12.00
# Visual Studio 15
VisualStudioVersion = 15.0.27703.2035
MinimumVisualStudioVersion = 10.0.40219.1
Project("{9A19103F-16F7-4668-BE54-9A1E7A4F7556}") = "Capl.Core", "Capl.Core.csproj", "{8CC6230C-52D4-4FB1-AAAF-5C32CD3A6EF4}"
EndProject
Global
	GlobalSection(SolutionConfigurationPlatforms) = preSolution
		Debug|Any CPU = Debug|Any CPU
		Release|Any CPU = Release|Any CPU
	EndGlobalSection
	GlobalSection(ProjectConfigurationPlatforms) = postSolution
		{8CC6230C-52D4-4FB1-AAAF-5C32CD3A6EF4}.Debug|Any CPU.ActiveCfg = Debug|Any CPU
		{8CC6230C-52D4-4FB1-AAAF-5C32CD3A6EF4}.Debug|Any CPU.Build.0 = Debug|Any CPU
		{8CC6230C-52D4-4FB1-AAAF-5C32CD3A6EF4}.Release|Any CPU.ActiveCfg = Release|Any CPU
		{8CC6230C-52D4-4FB1-AAAF-5C32CD3A6EF4}.Release|Any CPU.Build.0 = Release|Any CPU
	EndGlobalSection
	GlobalSection(SolutionProperties) = preSolution
		HideSolutionNode = FALSE
	EndGlobalSection
	GlobalSection(ExtensibilityGlobals) = postSolution
		SolutionGuid = {5D1E2B1B-7405-493C-97DB-4E6E0B9BAD82}
	EndGlobalSection
EndGlobal
