
Microsoft Visual Studio Solution File, Format Version 12.00
# Visual Studio 15
VisualStudioVersion = 15.0.28010.2019
MinimumVisualStudioVersion = 10.0.40219.1
Project("{9A19103F-16F7-4668-BE54-9A1E7A4F7556}") = "TestScadaClient", "TestScadaClient\TestScadaClient.csproj", "{F544EFC3-99DE-442F-B289-19960168EFDE}"
EndProject
Project("{FAE04EC0-301F-11D3-BF4B-00C04F79EFBC}") = "WatchDog", "..\ClientWatchDog\WatchDog\WatchDog.csproj", "{086B7282-683C-415F-AE13-3D568523609C}"
EndProject
Global
	GlobalSection(SolutionConfigurationPlatforms) = preSolution
		Debug|Any CPU = Debug|Any CPU
		Release|Any CPU = Release|Any CPU
	EndGlobalSection
	GlobalSection(ProjectConfigurationPlatforms) = postSolution
		{F544EFC3-99DE-442F-B289-19960168EFDE}.Debug|Any CPU.ActiveCfg = Debug|Any CPU
		{F544EFC3-99DE-442F-B289-19960168EFDE}.Debug|Any CPU.Build.0 = Debug|Any CPU
		{F544EFC3-99DE-442F-B289-19960168EFDE}.Release|Any CPU.ActiveCfg = Release|Any CPU
		{F544EFC3-99DE-442F-B289-19960168EFDE}.Release|Any CPU.Build.0 = Release|Any CPU
		{086B7282-683C-415F-AE13-3D568523609C}.Debug|Any CPU.ActiveCfg = Debug|Any CPU
		{086B7282-683C-415F-AE13-3D568523609C}.Debug|Any CPU.Build.0 = Debug|Any CPU
		{086B7282-683C-415F-AE13-3D568523609C}.Release|Any CPU.ActiveCfg = Release|Any CPU
		{086B7282-683C-415F-AE13-3D568523609C}.Release|Any CPU.Build.0 = Release|Any CPU
	EndGlobalSection
	GlobalSection(SolutionProperties) = preSolution
		HideSolutionNode = FALSE
	EndGlobalSection
	GlobalSection(ExtensibilityGlobals) = postSolution
		SolutionGuid = {B21F7456-E2F6-49DB-86E2-DB2DA5337C9A}
	EndGlobalSection
EndGlobal
