
Microsoft Visual Studio Solution File, Format Version 12.00
# Visual Studio 15
VisualStudioVersion = 15.0.27703.2035
MinimumVisualStudioVersion = 10.0.40219.1
Project("{9A19103F-16F7-4668-BE54-9A1E7A4F7556}") = "VRtuProvisionService", "..\SkunkLab.TcpGateway\VRtuProvisionService\VRtuProvisionService.csproj", "{28D0D17A-219C-4091-96E6-BAA10255A590}"
EndProject
Project("{9A19103F-16F7-4668-BE54-9A1E7A4F7556}") = "Capl.Standard", "..\Capl.Standard\Capl.Standard.csproj", "{3C066C44-F5FD-49D3-8AEF-BBEE8B9D39F6}"
EndProject
Project("{9A19103F-16F7-4668-BE54-9A1E7A4F7556}") = "VRtuWebApp", "..\Web\VRtuWebApp\VRtuWebApp\VRtuWebApp.csproj", "{7EFB822D-8307-4C82-8301-487CD6B89936}"
EndProject
Global
	GlobalSection(SolutionConfigurationPlatforms) = preSolution
		Debug|Any CPU = Debug|Any CPU
		Release|Any CPU = Release|Any CPU
	EndGlobalSection
	GlobalSection(ProjectConfigurationPlatforms) = postSolution
		{28D0D17A-219C-4091-96E6-BAA10255A590}.Debug|Any CPU.ActiveCfg = Debug|Any CPU
		{28D0D17A-219C-4091-96E6-BAA10255A590}.Debug|Any CPU.Build.0 = Debug|Any CPU
		{28D0D17A-219C-4091-96E6-BAA10255A590}.Release|Any CPU.ActiveCfg = Release|Any CPU
		{28D0D17A-219C-4091-96E6-BAA10255A590}.Release|Any CPU.Build.0 = Release|Any CPU
		{3C066C44-F5FD-49D3-8AEF-BBEE8B9D39F6}.Debug|Any CPU.ActiveCfg = Debug|Any CPU
		{3C066C44-F5FD-49D3-8AEF-BBEE8B9D39F6}.Debug|Any CPU.Build.0 = Debug|Any CPU
		{3C066C44-F5FD-49D3-8AEF-BBEE8B9D39F6}.Release|Any CPU.ActiveCfg = Release|Any CPU
		{3C066C44-F5FD-49D3-8AEF-BBEE8B9D39F6}.Release|Any CPU.Build.0 = Release|Any CPU
		{7EFB822D-8307-4C82-8301-487CD6B89936}.Debug|Any CPU.ActiveCfg = Debug|Any CPU
		{7EFB822D-8307-4C82-8301-487CD6B89936}.Debug|Any CPU.Build.0 = Debug|Any CPU
		{7EFB822D-8307-4C82-8301-487CD6B89936}.Release|Any CPU.ActiveCfg = Release|Any CPU
		{7EFB822D-8307-4C82-8301-487CD6B89936}.Release|Any CPU.Build.0 = Release|Any CPU
	EndGlobalSection
	GlobalSection(SolutionProperties) = preSolution
		HideSolutionNode = FALSE
	EndGlobalSection
	GlobalSection(ExtensibilityGlobals) = postSolution
		SolutionGuid = {1BB3B316-70A0-4CBB-9479-7789936DEEB3}
	EndGlobalSection
EndGlobal
